
Microsoft Visual Studio Solution File, Format Version 12.00
# Visual Studio 14
VisualStudioVersion = 14.0.25123.0
MinimumVisualStudioVersion = 10.0.40219.1
Project("{FAE04EC0-301F-11D3-BF4B-00C04F79EFBC}") = "BPH.MusicStore.ConsoleClient", "BPH.MusicStore.ConsoleClient\BPH.MusicStore.ConsoleClient.csproj", "{FAD73355-EDA1-4AC8-AD5B-06F1831E74EB}"
EndProject
Project("{FAE04EC0-301F-11D3-BF4B-00C04F79EFBC}") = "BPH.MusicStore.Models", "BPH.MusicStore.Models\BPH.MusicStore.Models.csproj", "{D5BB0C26-3F5A-473D-8F66-6060803AC0FD}"
EndProject
Project("{FAE04EC0-301F-11D3-BF4B-00C04F79EFBC}") = "BPH.MusicStore.DAL", "BPH.MusicStore.DAL\BPH.MusicStore.DAL.csproj", "{E34DE3E9-ADFD-4478-A073-10B20CC42067}"
EndProject
Global
	GlobalSection(SolutionConfigurationPlatforms) = preSolution
		Debug|Any CPU = Debug|Any CPU
		Release|Any CPU = Release|Any CPU
	EndGlobalSection
	GlobalSection(ProjectConfigurationPlatforms) = postSolution
		{FAD73355-EDA1-4AC8-AD5B-06F1831E74EB}.Debug|Any CPU.ActiveCfg = Debug|Any CPU
		{FAD73355-EDA1-4AC8-AD5B-06F1831E74EB}.Debug|Any CPU.Build.0 = Debug|Any CPU
		{FAD73355-EDA1-4AC8-AD5B-06F1831E74EB}.Release|Any CPU.ActiveCfg = Release|Any CPU
		{FAD73355-EDA1-4AC8-AD5B-06F1831E74EB}.Release|Any CPU.Build.0 = Release|Any CPU
		{D5BB0C26-3F5A-473D-8F66-6060803AC0FD}.Debug|Any CPU.ActiveCfg = Debug|Any CPU
		{D5BB0C26-3F5A-473D-8F66-6060803AC0FD}.Debug|Any CPU.Build.0 = Debug|Any CPU
		{D5BB0C26-3F5A-473D-8F66-6060803AC0FD}.Release|Any CPU.ActiveCfg = Release|Any CPU
		{D5BB0C26-3F5A-473D-8F66-6060803AC0FD}.Release|Any CPU.Build.0 = Release|Any CPU
		{E34DE3E9-ADFD-4478-A073-10B20CC42067}.Debug|Any CPU.ActiveCfg = Debug|Any CPU
		{E34DE3E9-ADFD-4478-A073-10B20CC42067}.Debug|Any CPU.Build.0 = Debug|Any CPU
		{E34DE3E9-ADFD-4478-A073-10B20CC42067}.Release|Any CPU.ActiveCfg = Release|Any CPU
		{E34DE3E9-ADFD-4478-A073-10B20CC42067}.Release|Any CPU.Build.0 = Release|Any CPU
	EndGlobalSection
	GlobalSection(SolutionProperties) = preSolution
		HideSolutionNode = FALSE
	EndGlobalSection
EndGlobal
